
Microsoft Visual Studio Solution File, Format Version 12.00
# Visual Studio 15
VisualStudioVersion = 15.0.28010.2026
MinimumVisualStudioVersion = 10.0.40219.1
Project("{FAE04EC0-301F-11D3-BF4B-00C04F79EFBC}") = "DUE", "DUE\DUE.csproj", "{BBDAE28F-A47C-418B-AC3A-BF3FC3056094}"
EndProject
Global
	GlobalSection(SolutionConfigurationPlatforms) = preSolution
		Debug|Any CPU = Debug|Any CPU
		Release|Any CPU = Release|Any CPU
	EndGlobalSection
	GlobalSection(ProjectConfigurationPlatforms) = postSolution
		{BBDAE28F-A47C-418B-AC3A-BF3FC3056094}.Debug|Any CPU.ActiveCfg = Debug|Any CPU
		{BBDAE28F-A47C-418B-AC3A-BF3FC3056094}.Debug|Any CPU.Build.0 = Debug|Any CPU
		{BBDAE28F-A47C-418B-AC3A-BF3FC3056094}.Release|Any CPU.ActiveCfg = Release|Any CPU
		{BBDAE28F-A47C-418B-AC3A-BF3FC3056094}.Release|Any CPU.Build.0 = Release|Any CPU
	EndGlobalSection
	GlobalSection(SolutionProperties) = preSolution
		HideSolutionNode = FALSE
	EndGlobalSection
	GlobalSection(ExtensibilityGlobals) = postSolution
		SolutionGuid = {D96199C4-D3C2-415E-833C-C30B756BDE2D}
	EndGlobalSection
EndGlobal
